
Microsoft Visual Studio Solution File, Format Version 12.00
# Visual Studio Version 16
VisualStudioVersion = 16.0.30320.27
MinimumVisualStudioVersion = 10.0.40219.1
Project("{9A19103F-16F7-4668-BE54-9A1E7A4F7556}") = "Arquetipo.API", "Arquetipo.API\Arquetipo.API.csproj", "{7915CEFB-D617-42F7-991B-695F7BB976E7}"
EndProject
Project("{9A19103F-16F7-4668-BE54-9A1E7A4F7556}") = "Arquetipo.Core", "Arquetipo.Core\Arquetipo.Core.csproj", "{8C6255A2-3562-4F26-B087-19E5735F6D0C}"
EndProject
Project("{9A19103F-16F7-4668-BE54-9A1E7A4F7556}") = "Arquetipo.Infrastructure", "Arquetipo.Infrastructure\Arquetipo.Infrastructure.csproj", "{92BD3287-849E-428C-8BFD-04EBFB139E84}"
EndProject
Global
	GlobalSection(SolutionConfigurationPlatforms) = preSolution
		Debug|Any CPU = Debug|Any CPU
		Debug|x64 = Debug|x64
		Release|Any CPU = Release|Any CPU
		Release|x64 = Release|x64
	EndGlobalSection
	GlobalSection(ProjectConfigurationPlatforms) = postSolution
		{7915CEFB-D617-42F7-991B-695F7BB976E7}.Debug|Any CPU.ActiveCfg = Debug|Any CPU
		{7915CEFB-D617-42F7-991B-695F7BB976E7}.Debug|Any CPU.Build.0 = Debug|Any CPU
		{7915CEFB-D617-42F7-991B-695F7BB976E7}.Debug|x64.ActiveCfg = Debug|x64
		{7915CEFB-D617-42F7-991B-695F7BB976E7}.Debug|x64.Build.0 = Debug|x64
		{7915CEFB-D617-42F7-991B-695F7BB976E7}.Release|Any CPU.ActiveCfg = Release|Any CPU
		{7915CEFB-D617-42F7-991B-695F7BB976E7}.Release|Any CPU.Build.0 = Release|Any CPU
		{7915CEFB-D617-42F7-991B-695F7BB976E7}.Release|x64.ActiveCfg = Release|x64
		{7915CEFB-D617-42F7-991B-695F7BB976E7}.Release|x64.Build.0 = Release|x64
		{8C6255A2-3562-4F26-B087-19E5735F6D0C}.Debug|Any CPU.ActiveCfg = Debug|Any CPU
		{8C6255A2-3562-4F26-B087-19E5735F6D0C}.Debug|Any CPU.Build.0 = Debug|Any CPU
		{8C6255A2-3562-4F26-B087-19E5735F6D0C}.Debug|x64.ActiveCfg = Debug|x64
		{8C6255A2-3562-4F26-B087-19E5735F6D0C}.Debug|x64.Build.0 = Debug|x64
		{8C6255A2-3562-4F26-B087-19E5735F6D0C}.Release|Any CPU.ActiveCfg = Release|Any CPU
		{8C6255A2-3562-4F26-B087-19E5735F6D0C}.Release|Any CPU.Build.0 = Release|Any CPU
		{8C6255A2-3562-4F26-B087-19E5735F6D0C}.Release|x64.ActiveCfg = Release|x64
		{8C6255A2-3562-4F26-B087-19E5735F6D0C}.Release|x64.Build.0 = Release|x64
		{92BD3287-849E-428C-8BFD-04EBFB139E84}.Debug|Any CPU.ActiveCfg = Debug|Any CPU
		{92BD3287-849E-428C-8BFD-04EBFB139E84}.Debug|Any CPU.Build.0 = Debug|Any CPU
		{92BD3287-849E-428C-8BFD-04EBFB139E84}.Debug|x64.ActiveCfg = Debug|x64
		{92BD3287-849E-428C-8BFD-04EBFB139E84}.Debug|x64.Build.0 = Debug|x64
		{92BD3287-849E-428C-8BFD-04EBFB139E84}.Release|Any CPU.ActiveCfg = Release|Any CPU
		{92BD3287-849E-428C-8BFD-04EBFB139E84}.Release|Any CPU.Build.0 = Release|Any CPU
		{92BD3287-849E-428C-8BFD-04EBFB139E84}.Release|x64.ActiveCfg = Release|x64
		{92BD3287-849E-428C-8BFD-04EBFB139E84}.Release|x64.Build.0 = Release|x64
	EndGlobalSection
	GlobalSection(SolutionProperties) = preSolution
		HideSolutionNode = FALSE
	EndGlobalSection
	GlobalSection(ExtensibilityGlobals) = postSolution
		SolutionGuid = {EAD7038A-700F-45E1-9A89-F52DF1E384E7}
	EndGlobalSection
EndGlobal
